
Microsoft Visual Studio Solution File, Format Version 12.00
# Visual Studio 15
VisualStudioVersion = 15.0.27703.2018
MinimumVisualStudioVersion = 10.0.40219.1
Project("{FAE04EC0-301F-11D3-BF4B-00C04F79EFBC}") = "BurmeseLanguageDemo.Android", "BurmeseLanguageDemo\BurmeseLanguageDemo.Android\BurmeseLanguageDemo.Android.csproj", "{8001E258-F40F-445B-96B5-CEAB755FDBA3}"
EndProject
Project("{FAE04EC0-301F-11D3-BF4B-00C04F79EFBC}") = "BurmeseLanguageDemo", "BurmeseLanguageDemo\BurmeseLanguageDemo\BurmeseLanguageDemo.csproj", "{428D151A-8D6F-4BAD-B300-8A76893D9F72}"
EndProject
Global
	GlobalSection(SolutionConfigurationPlatforms) = preSolution
		Debug|Any CPU = Debug|Any CPU
		Release|Any CPU = Release|Any CPU
	EndGlobalSection
	GlobalSection(ProjectConfigurationPlatforms) = postSolution
		{8001E258-F40F-445B-96B5-CEAB755FDBA3}.Debug|Any CPU.ActiveCfg = Debug|Any CPU
		{8001E258-F40F-445B-96B5-CEAB755FDBA3}.Debug|Any CPU.Build.0 = Debug|Any CPU
		{8001E258-F40F-445B-96B5-CEAB755FDBA3}.Debug|Any CPU.Deploy.0 = Debug|Any CPU
		{8001E258-F40F-445B-96B5-CEAB755FDBA3}.Release|Any CPU.ActiveCfg = Release|Any CPU
		{8001E258-F40F-445B-96B5-CEAB755FDBA3}.Release|Any CPU.Build.0 = Release|Any CPU
		{8001E258-F40F-445B-96B5-CEAB755FDBA3}.Release|Any CPU.Deploy.0 = Release|Any CPU
		{428D151A-8D6F-4BAD-B300-8A76893D9F72}.Debug|Any CPU.ActiveCfg = Debug|Any CPU
		{428D151A-8D6F-4BAD-B300-8A76893D9F72}.Debug|Any CPU.Build.0 = Debug|Any CPU
		{428D151A-8D6F-4BAD-B300-8A76893D9F72}.Debug|Any CPU.Deploy.0 = Debug|Any CPU
		{428D151A-8D6F-4BAD-B300-8A76893D9F72}.Release|Any CPU.ActiveCfg = Release|Any CPU
		{428D151A-8D6F-4BAD-B300-8A76893D9F72}.Release|Any CPU.Build.0 = Release|Any CPU
		{428D151A-8D6F-4BAD-B300-8A76893D9F72}.Release|Any CPU.Deploy.0 = Release|Any CPU
	EndGlobalSection
	GlobalSection(SolutionProperties) = preSolution
		HideSolutionNode = FALSE
	EndGlobalSection
	GlobalSection(ExtensibilityGlobals) = postSolution
		SolutionGuid = {84AAAA78-F852-4E11-851F-DB3C108EECCE}
	EndGlobalSection
EndGlobal
